
Microsoft Visual Studio Solution File, Format Version 12.00
# Visual Studio Version 17
VisualStudioVersion = 17.14.36518.9
MinimumVisualStudioVersion = 10.0.40219.1
Project("{8BC9CEB8-8B4A-11D0-8D11-00A0C91BC942}") = "01_DamagePlayerHP", "01_DamagePlayerHP\01_DamagePlayerHP.vcxproj", "{03D1FD0C-AA93-4541-9DE7-FCFDB53B5494}"
EndProject
Project("{8BC9CEB8-8B4A-11D0-8D11-00A0C91BC942}") = "1-5_Mini_Practice", "1-5_Mini_Practice\1-5_Mini_Practice.vcxproj", "{8CBE16F0-153D-455E-AC40-7E4278DC46CE}"
EndProject
Project("{8BC9CEB8-8B4A-11D0-8D11-00A0C91BC942}") = "1-5_Challenge_Practice", "1-5_Challenge_Practice\1-5_Challenge_Practice.vcxproj", "{C23011C1-E3C6-45EF-903F-D55FE94894E0}"
EndProject
Project("{8BC9CEB8-8B4A-11D0-8D11-00A0C91BC942}") = "Etc", "Etc\Etc.vcxproj", "{8D0C97D5-265A-4A0D-9865-DF91501D4E25}"
EndProject
Project("{8BC9CEB8-8B4A-11D0-8D11-00A0C91BC942}") = "2-1_Homework", "2-1_Homework\2-1_Homework.vcxproj", "{307C1F8A-7EB6-47CF-B309-1D7E8B15E986}"
EndProject
Project("{8BC9CEB8-8B4A-11D0-8D11-00A0C91BC942}") = "Const_Practice", "Const_Practice\Const_Practice.vcxproj", "{25DB3804-F0E2-4132-8440-7FD6344900E5}"
EndProject
Project("{8BC9CEB8-8B4A-11D0-8D11-00A0C91BC942}") = "2-1_Mini_Practice", "2-1_Mini_Practice\2-1_Mini_Practice.vcxproj", "{647803EB-CDC7-409D-8810-49CC0A61AE6B}"
EndProject
Project("{8BC9CEB8-8B4A-11D0-8D11-00A0C91BC942}") = "2-1_Challenge_Practice", "2-1_Challenge_Practice\2-1_Challenge_Practice.vcxproj", "{EB132EEB-4867-49E1-830D-7C33ED01F78A}"
EndProject
Project("{8BC9CEB8-8B4A-11D0-8D11-00A0C91BC942}") = "2-1_Smart_Pointer", "2-1_Smart_Pointer\2-1_Smart_Pointer.vcxproj", "{A8122210-9537-420D-92FA-3954077B882E}"
EndProject
Project("{8BC9CEB8-8B4A-11D0-8D11-00A0C91BC942}") = "2-1_ChallengeXChallenge", "2-1_ChallengeXChallenge\2-1_ChallengeXChallenge.vcxproj", "{89BF4920-E9B8-4D7D-8652-68164374EE29}"
EndProject
Project("{8BC9CEB8-8B4A-11D0-8D11-00A0C91BC942}") = "2-2_Template_Practice", "2-2_Practice\2-2_Practice.vcxproj", "{D305F2ED-9B1A-416B-9C8E-AE9BF5FED885}"
EndProject
Project("{8BC9CEB8-8B4A-11D0-8D11-00A0C91BC942}") = "2-2_Homework", "2-2_Homework\2-2_Homework.vcxproj", "{FE4A4B3F-1E53-4323-8BE6-82F229BD4AAB}"
EndProject
Project("{8BC9CEB8-8B4A-11D0-8D11-00A0C91BC942}") = "2-2_Mini_Practice", "2-2_Mini_Practice\2-2_Mini_Practice.vcxproj", "{EBF0596C-BA4F-4B48-8C27-4698B2C99471}"
EndProject
Project("{8BC9CEB8-8B4A-11D0-8D11-00A0C91BC942}") = "2-2_Challenge_Practice", "2-2_Challenge_Practice\2-2_Challenge_Practice.vcxproj", "{51F5E875-CCF1-4E43-B2FB-844DFCD601DD}"
EndProject
Project("{8BC9CEB8-8B4A-11D0-8D11-00A0C91BC942}") = "2-2_Quiz", "2-2_Quiz\2-2_Quiz.vcxproj", "{8CD578F8-94A1-4FB0-BE6F-96569E956F5F}"
EndProject
Project("{8BC9CEB8-8B4A-11D0-8D11-00A0C91BC942}") = "2-2_ChallengeXChallenge", "2-2_ChallengeXChallenge\2-2_ChallengeXChallenge.vcxproj", "{04CA089B-6018-4EFD-A538-2091F25FC39E}"
EndProject
Project("{8BC9CEB8-8B4A-11D0-8D11-00A0C91BC942}") = "2-3_STL", "2-3_STL\2-3_STL.vcxproj", "{A3574CBF-9FC5-47FA-804F-FC94E27EE3C7}"
EndProject
Project("{8BC9CEB8-8B4A-11D0-8D11-00A0C91BC942}") = "2-3_Homework", "2-3_Homework\2-3_Homework.vcxproj", "{3EEBCDB5-600C-412C-92FD-80530D8EA6AE}"
EndProject
Project("{8BC9CEB8-8B4A-11D0-8D11-00A0C91BC942}") = "2-3_Mini_Practice", "2-3_Mini_Practice\2-3_Mini_Practice.vcxproj", "{C86FC721-DDBC-4B54-B2A5-01226875261A}"
EndProject
Global
	GlobalSection(SolutionConfigurationPlatforms) = preSolution
		Debug|x64 = Debug|x64
		Debug|x86 = Debug|x86
		Release|x64 = Release|x64
		Release|x86 = Release|x86
	EndGlobalSection
	GlobalSection(ProjectConfigurationPlatforms) = postSolution
		{03D1FD0C-AA93-4541-9DE7-FCFDB53B5494}.Debug|x64.ActiveCfg = Debug|x64
		{03D1FD0C-AA93-4541-9DE7-FCFDB53B5494}.Debug|x64.Build.0 = Debug|x64
		{03D1FD0C-AA93-4541-9DE7-FCFDB53B5494}.Debug|x86.ActiveCfg = Debug|Win32
		{03D1FD0C-AA93-4541-9DE7-FCFDB53B5494}.Debug|x86.Build.0 = Debug|Win32
		{03D1FD0C-AA93-4541-9DE7-FCFDB53B5494}.Release|x64.ActiveCfg = Release|x64
		{03D1FD0C-AA93-4541-9DE7-FCFDB53B5494}.Release|x64.Build.0 = Release|x64
		{03D1FD0C-AA93-4541-9DE7-FCFDB53B5494}.Release|x86.ActiveCfg = Release|Win32
		{03D1FD0C-AA93-4541-9DE7-FCFDB53B5494}.Release|x86.Build.0 = Release|Win32
		{8CBE16F0-153D-455E-AC40-7E4278DC46CE}.Debug|x64.ActiveCfg = Debug|x64
		{8CBE16F0-153D-455E-AC40-7E4278DC46CE}.Debug|x64.Build.0 = Debug|x64
		{8CBE16F0-153D-455E-AC40-7E4278DC46CE}.Debug|x86.ActiveCfg = Debug|Win32
		{8CBE16F0-153D-455E-AC40-7E4278DC46CE}.Debug|x86.Build.0 = Debug|Win32
		{8CBE16F0-153D-455E-AC40-7E4278DC46CE}.Release|x64.ActiveCfg = Release|x64
		{8CBE16F0-153D-455E-AC40-7E4278DC46CE}.Release|x64.Build.0 = Release|x64
		{8CBE16F0-153D-455E-AC40-7E4278DC46CE}.Release|x86.ActiveCfg = Release|Win32
		{8CBE16F0-153D-455E-AC40-7E4278DC46CE}.Release|x86.Build.0 = Release|Win32
		{C23011C1-E3C6-45EF-903F-D55FE94894E0}.Debug|x64.ActiveCfg = Debug|x64
		{C23011C1-E3C6-45EF-903F-D55FE94894E0}.Debug|x64.Build.0 = Debug|x64
		{C23011C1-E3C6-45EF-903F-D55FE94894E0}.Debug|x86.ActiveCfg = Debug|Win32
		{C23011C1-E3C6-45EF-903F-D55FE94894E0}.Debug|x86.Build.0 = Debug|Win32
		{C23011C1-E3C6-45EF-903F-D55FE94894E0}.Release|x64.ActiveCfg = Release|x64
		{C23011C1-E3C6-45EF-903F-D55FE94894E0}.Release|x64.Build.0 = Release|x64
		{C23011C1-E3C6-45EF-903F-D55FE94894E0}.Release|x86.ActiveCfg = Release|Win32
		{C23011C1-E3C6-45EF-903F-D55FE94894E0}.Release|x86.Build.0 = Release|Win32
		{8D0C97D5-265A-4A0D-9865-DF91501D4E25}.Debug|x64.ActiveCfg = Debug|x64
		{8D0C97D5-265A-4A0D-9865-DF91501D4E25}.Debug|x64.Build.0 = Debug|x64
		{8D0C97D5-265A-4A0D-9865-DF91501D4E25}.Debug|x86.ActiveCfg = Debug|Win32
		{8D0C97D5-265A-4A0D-9865-DF91501D4E25}.Debug|x86.Build.0 = Debug|Win32
		{8D0C97D5-265A-4A0D-9865-DF91501D4E25}.Release|x64.ActiveCfg = Release|x64
		{8D0C97D5-265A-4A0D-9865-DF91501D4E25}.Release|x64.Build.0 = Release|x64
		{8D0C97D5-265A-4A0D-9865-DF91501D4E25}.Release|x86.ActiveCfg = Release|Win32
		{8D0C97D5-265A-4A0D-9865-DF91501D4E25}.Release|x86.Build.0 = Release|Win32
		{307C1F8A-7EB6-47CF-B309-1D7E8B15E986}.Debug|x64.ActiveCfg = Debug|x64
		{307C1F8A-7EB6-47CF-B309-1D7E8B15E986}.Debug|x64.Build.0 = Debug|x64
		{307C1F8A-7EB6-47CF-B309-1D7E8B15E986}.Debug|x86.ActiveCfg = Debug|Win32
		{307C1F8A-7EB6-47CF-B309-1D7E8B15E986}.Debug|x86.Build.0 = Debug|Win32
		{307C1F8A-7EB6-47CF-B309-1D7E8B15E986}.Release|x64.ActiveCfg = Release|x64
		{307C1F8A-7EB6-47CF-B309-1D7E8B15E986}.Release|x64.Build.0 = Release|x64
		{307C1F8A-7EB6-47CF-B309-1D7E8B15E986}.Release|x86.ActiveCfg = Release|Win32
		{307C1F8A-7EB6-47CF-B309-1D7E8B15E986}.Release|x86.Build.0 = Release|Win32
		{25DB3804-F0E2-4132-8440-7FD6344900E5}.Debug|x64.ActiveCfg = Debug|x64
		{25DB3804-F0E2-4132-8440-7FD6344900E5}.Debug|x64.Build.0 = Debug|x64
		{25DB3804-F0E2-4132-8440-7FD6344900E5}.Debug|x86.ActiveCfg = Debug|Win32
		{25DB3804-F0E2-4132-8440-7FD6344900E5}.Debug|x86.Build.0 = Debug|Win32
		{25DB3804-F0E2-4132-8440-7FD6344900E5}.Release|x64.ActiveCfg = Release|x64
		{25DB3804-F0E2-4132-8440-7FD6344900E5}.Release|x64.Build.0 = Release|x64
		{25DB3804-F0E2-4132-8440-7FD6344900E5}.Release|x86.ActiveCfg = Release|Win32
		{25DB3804-F0E2-4132-8440-7FD6344900E5}.Release|x86.Build.0 = Release|Win32
		{647803EB-CDC7-409D-8810-49CC0A61AE6B}.Debug|x64.ActiveCfg = Debug|x64
		{647803EB-CDC7-409D-8810-49CC0A61AE6B}.Debug|x64.Build.0 = Debug|x64
		{647803EB-CDC7-409D-8810-49CC0A61AE6B}.Debug|x86.ActiveCfg = Debug|Win32
		{647803EB-CDC7-409D-8810-49CC0A61AE6B}.Debug|x86.Build.0 = Debug|Win32
		{647803EB-CDC7-409D-8810-49CC0A61AE6B}.Release|x64.ActiveCfg = Release|x64
		{647803EB-CDC7-409D-8810-49CC0A61AE6B}.Release|x64.Build.0 = Release|x64
		{647803EB-CDC7-409D-8810-49CC0A61AE6B}.Release|x86.ActiveCfg = Release|Win32
		{647803EB-CDC7-409D-8810-49CC0A61AE6B}.Release|x86.Build.0 = Release|Win32
		{EB132EEB-4867-49E1-830D-7C33ED01F78A}.Debug|x64.ActiveCfg = Debug|x64
		{EB132EEB-4867-49E1-830D-7C33ED01F78A}.Debug|x64.Build.0 = Debug|x64
		{EB132EEB-4867-49E1-830D-7C33ED01F78A}.Debug|x86.ActiveCfg = Debug|Win32
		{EB132EEB-4867-49E1-830D-7C33ED01F78A}.Debug|x86.Build.0 = Debug|Win32
		{EB132EEB-4867-49E1-830D-7C33ED01F78A}.Release|x64.ActiveCfg = Release|x64
		{EB132EEB-4867-49E1-830D-7C33ED01F78A}.Release|x64.Build.0 = Release|x64
		{EB132EEB-4867-49E1-830D-7C33ED01F78A}.Release|x86.ActiveCfg = Release|Win32
		{EB132EEB-4867-49E1-830D-7C33ED01F78A}.Release|x86.Build.0 = Release|Win32
		{A8122210-9537-420D-92FA-3954077B882E}.Debug|x64.ActiveCfg = Debug|x64
		{A8122210-9537-420D-92FA-3954077B882E}.Debug|x64.Build.0 = Debug|x64
		{A8122210-9537-420D-92FA-3954077B882E}.Debug|x86.ActiveCfg = Debug|Win32
		{A8122210-9537-420D-92FA-3954077B882E}.Debug|x86.Build.0 = Debug|Win32
		{A8122210-9537-420D-92FA-3954077B882E}.Release|x64.ActiveCfg = Release|x64
		{A8122210-9537-420D-92FA-3954077B882E}.Release|x64.Build.0 = Release|x64
		{A8122210-9537-420D-92FA-3954077B882E}.Release|x86.ActiveCfg = Release|Win32
		{A8122210-9537-420D-92FA-3954077B882E}.Release|x86.Build.0 = Release|Win32
		{89BF4920-E9B8-4D7D-8652-68164374EE29}.Debug|x64.ActiveCfg = Debug|x64
		{89BF4920-E9B8-4D7D-8652-68164374EE29}.Debug|x64.Build.0 = Debug|x64
		{89BF4920-E9B8-4D7D-8652-68164374EE29}.Debug|x86.ActiveCfg = Debug|Win32
		{89BF4920-E9B8-4D7D-8652-68164374EE29}.Debug|x86.Build.0 = Debug|Win32
		{89BF4920-E9B8-4D7D-8652-68164374EE29}.Release|x64.ActiveCfg = Release|x64
		{89BF4920-E9B8-4D7D-8652-68164374EE29}.Release|x64.Build.0 = Release|x64
		{89BF4920-E9B8-4D7D-8652-68164374EE29}.Release|x86.ActiveCfg = Release|Win32
		{89BF4920-E9B8-4D7D-8652-68164374EE29}.Release|x86.Build.0 = Release|Win32
		{D305F2ED-9B1A-416B-9C8E-AE9BF5FED885}.Debug|x64.ActiveCfg = Debug|x64
		{D305F2ED-9B1A-416B-9C8E-AE9BF5FED885}.Debug|x64.Build.0 = Debug|x64
		{D305F2ED-9B1A-416B-9C8E-AE9BF5FED885}.Debug|x86.ActiveCfg = Debug|Win32
		{D305F2ED-9B1A-416B-9C8E-AE9BF5FED885}.Debug|x86.Build.0 = Debug|Win32
		{D305F2ED-9B1A-416B-9C8E-AE9BF5FED885}.Release|x64.ActiveCfg = Release|x64
		{D305F2ED-9B1A-416B-9C8E-AE9BF5FED885}.Release|x64.Build.0 = Release|x64
		{D305F2ED-9B1A-416B-9C8E-AE9BF5FED885}.Release|x86.ActiveCfg = Release|Win32
		{D305F2ED-9B1A-416B-9C8E-AE9BF5FED885}.Release|x86.Build.0 = Release|Win32
		{FE4A4B3F-1E53-4323-8BE6-82F229BD4AAB}.Debug|x64.ActiveCfg = Debug|x64
		{FE4A4B3F-1E53-4323-8BE6-82F229BD4AAB}.Debug|x64.Build.0 = Debug|x64
		{FE4A4B3F-1E53-4323-8BE6-82F229BD4AAB}.Debug|x86.ActiveCfg = Debug|Win32
		{FE4A4B3F-1E53-4323-8BE6-82F229BD4AAB}.Debug|x86.Build.0 = Debug|Win32
		{FE4A4B3F-1E53-4323-8BE6-82F229BD4AAB}.Release|x64.ActiveCfg = Release|x64
		{FE4A4B3F-1E53-4323-8BE6-82F229BD4AAB}.Release|x64.Build.0 = Release|x64
		{FE4A4B3F-1E53-4323-8BE6-82F229BD4AAB}.Release|x86.ActiveCfg = Release|Win32
		{FE4A4B3F-1E53-4323-8BE6-82F229BD4AAB}.Release|x86.Build.0 = Release|Win32
		{EBF0596C-BA4F-4B48-8C27-4698B2C99471}.Debug|x64.ActiveCfg = Debug|x64
		{EBF0596C-BA4F-4B48-8C27-4698B2C99471}.Debug|x64.Build.0 = Debug|x64
		{EBF0596C-BA4F-4B48-8C27-4698B2C99471}.Debug|x86.ActiveCfg = Debug|Win32
		{EBF0596C-BA4F-4B48-8C27-4698B2C99471}.Debug|x86.Build.0 = Debug|Win32
		{EBF0596C-BA4F-4B48-8C27-4698B2C99471}.Release|x64.ActiveCfg = Release|x64
		{EBF0596C-BA4F-4B48-8C27-4698B2C99471}.Release|x64.Build.0 = Release|x64
		{EBF0596C-BA4F-4B48-8C27-4698B2C99471}.Release|x86.ActiveCfg = Release|Win32
		{EBF0596C-BA4F-4B48-8C27-4698B2C99471}.Release|x86.Build.0 = Release|Win32
		{51F5E875-CCF1-4E43-B2FB-844DFCD601DD}.Debug|x64.ActiveCfg = Debug|x64
		{51F5E875-CCF1-4E43-B2FB-844DFCD601DD}.Debug|x64.Build.0 = Debug|x64
		{51F5E875-CCF1-4E43-B2FB-844DFCD601DD}.Debug|x86.ActiveCfg = Debug|Win32
		{51F5E875-CCF1-4E43-B2FB-844DFCD601DD}.Debug|x86.Build.0 = Debug|Win32
		{51F5E875-CCF1-4E43-B2FB-844DFCD601DD}.Release|x64.ActiveCfg = Release|x64
		{51F5E875-CCF1-4E43-B2FB-844DFCD601DD}.Release|x64.Build.0 = Release|x64
		{51F5E875-CCF1-4E43-B2FB-844DFCD601DD}.Release|x86.ActiveCfg = Release|Win32
		{51F5E875-CCF1-4E43-B2FB-844DFCD601DD}.Release|x86.Build.0 = Release|Win32
		{8CD578F8-94A1-4FB0-BE6F-96569E956F5F}.Debug|x64.ActiveCfg = Debug|x64
		{8CD578F8-94A1-4FB0-BE6F-96569E956F5F}.Debug|x64.Build.0 = Debug|x64
		{8CD578F8-94A1-4FB0-BE6F-96569E956F5F}.Debug|x86.ActiveCfg = Debug|Win32
		{8CD578F8-94A1-4FB0-BE6F-96569E956F5F}.Debug|x86.Build.0 = Debug|Win32
		{8CD578F8-94A1-4FB0-BE6F-96569E956F5F}.Release|x64.ActiveCfg = Release|x64
		{8CD578F8-94A1-4FB0-BE6F-96569E956F5F}.Release|x64.Build.0 = Release|x64
		{8CD578F8-94A1-4FB0-BE6F-96569E956F5F}.Release|x86.ActiveCfg = Release|Win32
		{8CD578F8-94A1-4FB0-BE6F-96569E956F5F}.Release|x86.Build.0 = Release|Win32
		{04CA089B-6018-4EFD-A538-2091F25FC39E}.Debug|x64.ActiveCfg = Debug|x64
		{04CA089B-6018-4EFD-A538-2091F25FC39E}.Debug|x64.Build.0 = Debug|x64
		{04CA089B-6018-4EFD-A538-2091F25FC39E}.Debug|x86.ActiveCfg = Debug|Win32
		{04CA089B-6018-4EFD-A538-2091F25FC39E}.Debug|x86.Build.0 = Debug|Win32
		{04CA089B-6018-4EFD-A538-2091F25FC39E}.Release|x64.ActiveCfg = Release|x64
		{04CA089B-6018-4EFD-A538-2091F25FC39E}.Release|x64.Build.0 = Release|x64
		{04CA089B-6018-4EFD-A538-2091F25FC39E}.Release|x86.ActiveCfg = Release|Win32
		{04CA089B-6018-4EFD-A538-2091F25FC39E}.Release|x86.Build.0 = Release|Win32
		{A3574CBF-9FC5-47FA-804F-FC94E27EE3C7}.Debug|x64.ActiveCfg = Debug|x64
		{A3574CBF-9FC5-47FA-804F-FC94E27EE3C7}.Debug|x64.Build.0 = Debug|x64
		{A3574CBF-9FC5-47FA-804F-FC94E27EE3C7}.Debug|x86.ActiveCfg = Debug|Win32
		{A3574CBF-9FC5-47FA-804F-FC94E27EE3C7}.Debug|x86.Build.0 = Debug|Win32
		{A3574CBF-9FC5-47FA-804F-FC94E27EE3C7}.Release|x64.ActiveCfg = Release|x64
		{A3574CBF-9FC5-47FA-804F-FC94E27EE3C7}.Release|x64.Build.0 = Release|x64
		{A3574CBF-9FC5-47FA-804F-FC94E27EE3C7}.Release|x86.ActiveCfg = Release|Win32
		{A3574CBF-9FC5-47FA-804F-FC94E27EE3C7}.Release|x86.Build.0 = Release|Win32
		{3EEBCDB5-600C-412C-92FD-80530D8EA6AE}.Debug|x64.ActiveCfg = Debug|x64
		{3EEBCDB5-600C-412C-92FD-80530D8EA6AE}.Debug|x64.Build.0 = Debug|x64
		{3EEBCDB5-600C-412C-92FD-80530D8EA6AE}.Debug|x86.ActiveCfg = Debug|Win32
		{3EEBCDB5-600C-412C-92FD-80530D8EA6AE}.Debug|x86.Build.0 = Debug|Win32
		{3EEBCDB5-600C-412C-92FD-80530D8EA6AE}.Release|x64.ActiveCfg = Release|x64
		{3EEBCDB5-600C-412C-92FD-80530D8EA6AE}.Release|x64.Build.0 = Release|x64
		{3EEBCDB5-600C-412C-92FD-80530D8EA6AE}.Release|x86.ActiveCfg = Release|Win32
		{3EEBCDB5-600C-412C-92FD-80530D8EA6AE}.Release|x86.Build.0 = Release|Win32
		{C86FC721-DDBC-4B54-B2A5-01226875261A}.Debug|x64.ActiveCfg = Debug|x64
		{C86FC721-DDBC-4B54-B2A5-01226875261A}.Debug|x64.Build.0 = Debug|x64
		{C86FC721-DDBC-4B54-B2A5-01226875261A}.Debug|x86.ActiveCfg = Debug|Win32
		{C86FC721-DDBC-4B54-B2A5-01226875261A}.Debug|x86.Build.0 = Debug|Win32
		{C86FC721-DDBC-4B54-B2A5-01226875261A}.Release|x64.ActiveCfg = Release|x64
		{C86FC721-DDBC-4B54-B2A5-01226875261A}.Release|x64.Build.0 = Release|x64
		{C86FC721-DDBC-4B54-B2A5-01226875261A}.Release|x86.ActiveCfg = Release|Win32
		{C86FC721-DDBC-4B54-B2A5-01226875261A}.Release|x86.Build.0 = Release|Win32
	EndGlobalSection
	GlobalSection(SolutionProperties) = preSolution
		HideSolutionNode = FALSE
	EndGlobalSection
	GlobalSection(ExtensibilityGlobals) = postSolution
		SolutionGuid = {D31B553B-F0FD-44C7-8CBE-BAADADCA3CCA}
	EndGlobalSection
EndGlobal
